{
  "name": "funnote",
  "version": "1.0.0",
  "lockfileVersion": 1,
  "requires": true,
  "dependencies": {
    "crypto-js": {
      "version": "3.1.9-1",
      "resolved": "http://registry.npm.taobao.org/crypto-js/download/crypto-js-3.1.9-1.tgz"
    },
    "electron": {
      "version": "4.0.4",
      "resolved": "http://registry.npm.taobao.org/electron/download/electron-4.0.4.tgz",
      "dev": true,
      "dependencies": {
        "@types/node": {
          "version": "http://registry.npm.taobao.org/@types/node/download/@types/node-10.12.25.tgz",
          "bundled": true
        },
        "electron-download": {
          "version": "http://registry.npm.taobao.org/electron-download/download/electron-download-4.1.1.tgz",
          "bundled": true
        },
        "extract-zip": {
          "version": "http://registry.npm.taobao.org/extract-zip/download/extract-zip-1.6.7.tgz",
          "bundled": true
        }
      }
    },
    "sequelize": {
      "version": "4.42.0",
      "resolved": "http://registry.npm.taobao.org/sequelize/download/sequelize-4.42.0.tgz",
      "dev": true,
      "requires": {
        "uuid": "^3.2.1"
      },
      "dependencies": {
        "bluebird": {
          "version": "http://registry.npm.taobao.org/bluebird/download/bluebird-3.5.3.tgz"
        },
        "cls-bluebird": {
          "version": "http://registry.npm.taobao.org/cls-bluebird/download/cls-bluebird-2.1.0.tgz"
        },
        "debug": {
          "version": "http://registry.npm.taobao.org/debug/download/debug-3.2.6.tgz",
          "dependencies": {
            "ms": {
              "version": "http://registry.npm.taobao.org/ms/download/ms-2.1.1.tgz",
              "bundled": true
            }
          }
        },
        "depd": {
          "version": "http://registry.npm.taobao.org/depd/download/depd-1.1.2.tgz"
        },
        "dottie": {
          "version": "http://registry.npm.taobao.org/dottie/download/dottie-2.0.1.tgz"
        },
        "generic-pool": {
          "version": "http://registry.npm.taobao.org/generic-pool/download/generic-pool-3.6.1.tgz"
        },
        "inflection": {
          "version": "http://registry.npm.taobao.org/inflection/download/inflection-1.12.0.tgz"
        },
        "lodash": {
          "version": "http://registry.npm.taobao.org/lodash/download/lodash-4.17.11.tgz"
        },
        "moment": {
          "version": "http://registry.npm.taobao.org/moment/download/moment-2.24.0.tgz"
        },
        "moment-timezone": {
          "version": "http://registry.npm.taobao.org/moment-timezone/download/moment-timezone-0.5.23.tgz"
        },
        "retry-as-promised": {
          "version": "http://registry.npm.taobao.org/retry-as-promised/download/retry-as-promised-2.3.2.tgz"
        },
        "semver": {
          "version": "http://registry.npm.taobao.org/semver/download/semver-5.6.0.tgz"
        },
        "terraformer-wkt-parser": {
          "version": "http://registry.npm.taobao.org/terraformer-wkt-parser/download/terraformer-wkt-parser-1.2.0.tgz"
        },
        "toposort-class": {
          "version": "http://registry.npm.taobao.org/toposort-class/download/toposort-class-1.0.1.tgz"
        },
        "uuid": {
          "version": "http://registry.npm.taobao.org/uuid/download/uuid-3.3.2.tgz"
        },
        "validator": {
          "version": "http://registry.npm.taobao.org/validator/download/validator-10.11.0.tgz"
        },
        "wkx": {
          "version": "http://registry.npm.taobao.org/wkx/download/wkx-0.4.6.tgz"
        }
      }
    },
    "sqlite3": {
      "version": "4.0.6",
      "resolved": "http://registry.npm.taobao.org/sqlite3/download/sqlite3-4.0.6.tgz",
      "dev": true,
      "dependencies": {
        "nan": {
          "version": "http://registry.npm.taobao.org/nan/download/nan-2.10.0.tgz",
          "bundled": true
        },
        "node-pre-gyp": {
          "version": "http://registry.npm.taobao.org/node-pre-gyp/download/node-pre-gyp-0.11.0.tgz",
          "bundled": true
        },
        "request": {
          "version": "http://registry.npm.taobao.org/request/download/request-2.88.0.tgz",
          "bundled": true,
          "dependencies": {
            "aws-sign2": {
              "version": "http://registry.npm.taobao.org/aws-sign2/download/aws-sign2-0.7.0.tgz",
              "bundled": true
            },
            "aws4": {
              "version": "http://registry.npm.taobao.org/aws4/download/aws4-1.8.0.tgz",
              "bundled": true
            },
            "caseless": {
              "version": "http://registry.npm.taobao.org/caseless/download/caseless-0.12.0.tgz",
              "bundled": true
            },
            "combined-stream": {
              "version": "http://registry.npm.taobao.org/combined-stream/download/combined-stream-1.0.7.tgz",
              "bundled": true
            },
            "extend": {
              "version": "http://registry.npm.taobao.org/extend/download/extend-3.0.2.tgz",
              "bundled": true
            },
            "forever-agent": {
              "version": "http://registry.npm.taobao.org/forever-agent/download/forever-agent-0.6.1.tgz",
              "bundled": true
            },
            "form-data": {
              "version": "http://registry.npm.taobao.org/form-data/download/form-data-2.3.3.tgz",
              "bundled": true
            },
            "har-validator": {
              "version": "http://registry.npm.taobao.org/har-validator/download/har-validator-5.1.3.tgz",
              "bundled": true
            },
            "http-signature": {
              "version": "http://registry.npm.taobao.org/http-signature/download/http-signature-1.2.0.tgz",
              "bundled": true
            },
            "is-typedarray": {
              "version": "http://registry.npm.taobao.org/is-typedarray/download/is-typedarray-1.0.0.tgz",
              "bundled": true
            },
            "isstream": {
              "version": "http://registry.npm.taobao.org/isstream/download/isstream-0.1.2.tgz",
              "bundled": true
            },
            "json-stringify-safe": {
              "version": "http://registry.npm.taobao.org/json-stringify-safe/download/json-stringify-safe-5.0.1.tgz",
              "bundled": true
            },
            "mime-types": {
              "version": "http://registry.npm.taobao.org/mime-types/download/mime-types-2.1.21.tgz",
              "bundled": true,
              "dependencies": {
                "mime-db": {
                  "version": "http://registry.npm.taobao.org/mime-db/download/mime-db-1.37.0.tgz",
                  "bundled": true
                }
              }
            },
            "oauth-sign": {
              "version": "http://registry.npm.taobao.org/oauth-sign/download/oauth-sign-0.9.0.tgz",
              "bundled": true
            },
            "performance-now": {
              "version": "http://registry.npm.taobao.org/performance-now/download/performance-now-2.1.0.tgz",
              "bundled": true
            },
            "qs": {
              "version": "http://registry.npm.taobao.org/qs/download/qs-6.5.2.tgz",
              "bundled": true
            },
            "safe-buffer": {
              "version": "http://registry.npm.taobao.org/safe-buffer/download/safe-buffer-5.1.2.tgz",
              "bundled": true
            },
            "tough-cookie": {
              "version": "http://registry.npm.taobao.org/tough-cookie/download/tough-cookie-2.4.3.tgz",
              "bundled": true
            },
            "tunnel-agent": {
              "version": "http://registry.npm.taobao.org/tunnel-agent/download/tunnel-agent-0.6.0.tgz",
              "bundled": true
            },
            "uuid": {
              "version": "http://registry.npm.taobao.org/uuid/download/uuid-3.3.2.tgz",
              "bundled": true
            }
          }
        }
      }
    },
    "uuid": {
      "version": "3.3.2",
      "resolved": "https://registry.npmjs.org/uuid/-/uuid-3.3.2.tgz",
      "integrity": "sha512-yXJmeNaw3DnnKAOKJE51sL/ZaYfWJRl1pK9dr19YFCu0ObS231AB1/LbqTKRAQ5kw8A90rA6fr4riOUpTZvQZA=="
    }
  }
}
